
Microsoft Visual Studio Solution File, Format Version 11.00
# Visual Studio 2010
Project("{FAE04EC0-301F-11D3-BF4B-00C04F79EFBC}") = "Unity.Timeline", "Unity.Timeline.csproj", "{54655adb-f09f-a48e-fc03-aa3c05b32039}"
EndProject
Project("{FAE04EC0-301F-11D3-BF4B-00C04F79EFBC}") = "Unity.Timeline.Editor", "Unity.Timeline.Editor.csproj", "{3b3729b1-11b2-c4cf-07b6-e5e1134c57ea}"
EndProject
Project("{FAE04EC0-301F-11D3-BF4B-00C04F79EFBC}") = "Unity.TextMeshPro.Editor", "Unity.TextMeshPro.Editor.csproj", "{53e47c64-9cc1-de98-a7a2-0f9d230e92b0}"
EndProject
Project("{FAE04EC0-301F-11D3-BF4B-00C04F79EFBC}") = "Unity.VisualScripting.Flow", "Unity.VisualScripting.Flow.csproj", "{d5915791-79b0-bd4f-6427-6e2634272217}"
EndProject
Project("{FAE04EC0-301F-11D3-BF4B-00C04F79EFBC}") = "Unity.PlasticSCM.Editor", "Unity.PlasticSCM.Editor.csproj", "{b1c8ea6b-9e64-86af-3fc0-a7e98e098ac7}"
EndProject
Project("{FAE04EC0-301F-11D3-BF4B-00C04F79EFBC}") = "Unity.VisualScripting.Core", "Unity.VisualScripting.Core.csproj", "{3b98d0c4-f642-77fb-6e20-804b321aed39}"
EndProject
Project("{FAE04EC0-301F-11D3-BF4B-00C04F79EFBC}") = "Unity.VisualScripting.Core.Editor", "Unity.VisualScripting.Core.Editor.csproj", "{80ccc58f-fb47-059a-a91d-dcd8e138f3c0}"
EndProject
Project("{FAE04EC0-301F-11D3-BF4B-00C04F79EFBC}") = "Unity.VisualScripting.Flow.Editor", "Unity.VisualScripting.Flow.Editor.csproj", "{47c94d5c-782a-575d-9c48-149ed4ccdf45}"
EndProject
Project("{FAE04EC0-301F-11D3-BF4B-00C04F79EFBC}") = "UnityEditor.TestRunner", "UnityEditor.TestRunner.csproj", "{20644918-68aa-4bba-64e2-8b20a8806879}"
EndProject
Project("{FAE04EC0-301F-11D3-BF4B-00C04F79EFBC}") = "Unity.VisualScripting.SettingsProvider.Editor", "Unity.VisualScripting.SettingsProvider.Editor.csproj", "{8573ff54-6051-c037-e95b-1da09815106f}"
EndProject
Project("{FAE04EC0-301F-11D3-BF4B-00C04F79EFBC}") = "UnityEngine.TestRunner", "UnityEngine.TestRunner.csproj", "{f36df1a6-6bfe-c0ab-6ca1-cd767b517deb}"
EndProject
Project("{FAE04EC0-301F-11D3-BF4B-00C04F79EFBC}") = "Unity.VisualStudio.Editor", "Unity.VisualStudio.Editor.csproj", "{f789cdcf-1512-8923-8003-46bc9bc6764e}"
EndProject
Project("{FAE04EC0-301F-11D3-BF4B-00C04F79EFBC}") = "Unity.TestTools.CodeCoverage.Editor.OpenCover.Model", "Unity.TestTools.CodeCoverage.Editor.OpenCover.Model.csproj", "{9c692ef9-3e9f-22b1-de3f-c6d151a7d59e}"
EndProject
Project("{FAE04EC0-301F-11D3-BF4B-00C04F79EFBC}") = "Unity.Rider.Editor", "Unity.Rider.Editor.csproj", "{5e9b55b1-722a-acd4-186e-3611bd529dbf}"
EndProject
Project("{FAE04EC0-301F-11D3-BF4B-00C04F79EFBC}") = "Unity.VisualScripting.State.Editor", "Unity.VisualScripting.State.Editor.csproj", "{de701597-f5b6-7598-feea-f1b9ac9a21bb}"
EndProject
Project("{FAE04EC0-301F-11D3-BF4B-00C04F79EFBC}") = "Unity.TestTools.CodeCoverage.Editor", "Unity.TestTools.CodeCoverage.Editor.csproj", "{5274c7f7-ebfc-b11e-3534-bd3994ac2f64}"
EndProject
Project("{FAE04EC0-301F-11D3-BF4B-00C04F79EFBC}") = "Unity.VisualScripting.State", "Unity.VisualScripting.State.csproj", "{db989140-560f-e9ff-238b-ee83566628f2}"
EndProject
Project("{FAE04EC0-301F-11D3-BF4B-00C04F79EFBC}") = "Unity.TextMeshPro", "Unity.TextMeshPro.csproj", "{5feb6f32-8758-1c30-a062-f94e3853818e}"
EndProject
Project("{FAE04EC0-301F-11D3-BF4B-00C04F79EFBC}") = "Unity.Performance.Profile-Analyzer.Editor", "Unity.Performance.Profile-Analyzer.Editor.csproj", "{cbe80821-b353-8353-0578-4699867f8d28}"
EndProject
Project("{FAE04EC0-301F-11D3-BF4B-00C04F79EFBC}") = "Unity.VSCode.Editor", "Unity.VSCode.Editor.csproj", "{eaa91bc2-5fc3-f42f-a629-f5d3f65d1f51}"
EndProject
Project("{FAE04EC0-301F-11D3-BF4B-00C04F79EFBC}") = "Unity.TestTools.CodeCoverage.Editor.OpenCover.Mono.Reflection", "Unity.TestTools.CodeCoverage.Editor.OpenCover.Mono.Reflection.csproj", "{636828be-e0b8-203d-a6af-ec99ccc0c1af}"
EndProject
Project("{FAE04EC0-301F-11D3-BF4B-00C04F79EFBC}") = "Unity.Settings.Editor", "Unity.Settings.Editor.csproj", "{00c6c0b8-21ce-af61-df5b-26031d26d293}"
EndProject
Project("{FAE04EC0-301F-11D3-BF4B-00C04F79EFBC}") = "Unity.EditorCoroutines.Editor", "Unity.EditorCoroutines.Editor.csproj", "{eaa62bcc-e7b9-6300-0640-935a82ca7be6}"
EndProject
Project("{FAE04EC0-301F-11D3-BF4B-00C04F79EFBC}") = "Unity.VisualScripting.Shared.Editor", "Unity.VisualScripting.Shared.Editor.csproj", "{28d65459-890a-3309-d40e-51d202a2cf26}"
EndProject
Project("{FAE04EC0-301F-11D3-BF4B-00C04F79EFBC}") = "Unity.CollabProxy.Editor", "Unity.CollabProxy.Editor.csproj", "{c949b22b-0f08-a6ed-13fb-9ee34bd7a6fe}"
EndProject
Global
	GlobalSection(SolutionConfigurationPlatforms) = preSolution
		Debug|Any CPU = Debug|Any CPU
	EndGlobalSection
	GlobalSection(ProjectConfigurationPlatforms) = postSolution
		{54655adb-f09f-a48e-fc03-aa3c05b32039}.Debug|Any CPU.ActiveCfg = Debug|Any CPU
		{54655adb-f09f-a48e-fc03-aa3c05b32039}.Debug|Any CPU.Build.0 = Debug|Any CPU
		{3b3729b1-11b2-c4cf-07b6-e5e1134c57ea}.Debug|Any CPU.ActiveCfg = Debug|Any CPU
		{3b3729b1-11b2-c4cf-07b6-e5e1134c57ea}.Debug|Any CPU.Build.0 = Debug|Any CPU
		{53e47c64-9cc1-de98-a7a2-0f9d230e92b0}.Debug|Any CPU.ActiveCfg = Debug|Any CPU
		{53e47c64-9cc1-de98-a7a2-0f9d230e92b0}.Debug|Any CPU.Build.0 = Debug|Any CPU
		{d5915791-79b0-bd4f-6427-6e2634272217}.Debug|Any CPU.ActiveCfg = Debug|Any CPU
		{d5915791-79b0-bd4f-6427-6e2634272217}.Debug|Any CPU.Build.0 = Debug|Any CPU
		{b1c8ea6b-9e64-86af-3fc0-a7e98e098ac7}.Debug|Any CPU.ActiveCfg = Debug|Any CPU
		{b1c8ea6b-9e64-86af-3fc0-a7e98e098ac7}.Debug|Any CPU.Build.0 = Debug|Any CPU
		{3b98d0c4-f642-77fb-6e20-804b321aed39}.Debug|Any CPU.ActiveCfg = Debug|Any CPU
		{3b98d0c4-f642-77fb-6e20-804b321aed39}.Debug|Any CPU.Build.0 = Debug|Any CPU
		{80ccc58f-fb47-059a-a91d-dcd8e138f3c0}.Debug|Any CPU.ActiveCfg = Debug|Any CPU
		{80ccc58f-fb47-059a-a91d-dcd8e138f3c0}.Debug|Any CPU.Build.0 = Debug|Any CPU
		{47c94d5c-782a-575d-9c48-149ed4ccdf45}.Debug|Any CPU.ActiveCfg = Debug|Any CPU
		{47c94d5c-782a-575d-9c48-149ed4ccdf45}.Debug|Any CPU.Build.0 = Debug|Any CPU
		{20644918-68aa-4bba-64e2-8b20a8806879}.Debug|Any CPU.ActiveCfg = Debug|Any CPU
		{20644918-68aa-4bba-64e2-8b20a8806879}.Debug|Any CPU.Build.0 = Debug|Any CPU
		{8573ff54-6051-c037-e95b-1da09815106f}.Debug|Any CPU.ActiveCfg = Debug|Any CPU
		{8573ff54-6051-c037-e95b-1da09815106f}.Debug|Any CPU.Build.0 = Debug|Any CPU
		{f36df1a6-6bfe-c0ab-6ca1-cd767b517deb}.Debug|Any CPU.ActiveCfg = Debug|Any CPU
		{f36df1a6-6bfe-c0ab-6ca1-cd767b517deb}.Debug|Any CPU.Build.0 = Debug|Any CPU
		{f789cdcf-1512-8923-8003-46bc9bc6764e}.Debug|Any CPU.ActiveCfg = Debug|Any CPU
		{f789cdcf-1512-8923-8003-46bc9bc6764e}.Debug|Any CPU.Build.0 = Debug|Any CPU
		{9c692ef9-3e9f-22b1-de3f-c6d151a7d59e}.Debug|Any CPU.ActiveCfg = Debug|Any CPU
		{9c692ef9-3e9f-22b1-de3f-c6d151a7d59e}.Debug|Any CPU.Build.0 = Debug|Any CPU
		{5e9b55b1-722a-acd4-186e-3611bd529dbf}.Debug|Any CPU.ActiveCfg = Debug|Any CPU
		{5e9b55b1-722a-acd4-186e-3611bd529dbf}.Debug|Any CPU.Build.0 = Debug|Any CPU
		{de701597-f5b6-7598-feea-f1b9ac9a21bb}.Debug|Any CPU.ActiveCfg = Debug|Any CPU
		{de701597-f5b6-7598-feea-f1b9ac9a21bb}.Debug|Any CPU.Build.0 = Debug|Any CPU
		{5274c7f7-ebfc-b11e-3534-bd3994ac2f64}.Debug|Any CPU.ActiveCfg = Debug|Any CPU
		{5274c7f7-ebfc-b11e-3534-bd3994ac2f64}.Debug|Any CPU.Build.0 = Debug|Any CPU
		{db989140-560f-e9ff-238b-ee83566628f2}.Debug|Any CPU.ActiveCfg = Debug|Any CPU
		{db989140-560f-e9ff-238b-ee83566628f2}.Debug|Any CPU.Build.0 = Debug|Any CPU
		{5feb6f32-8758-1c30-a062-f94e3853818e}.Debug|Any CPU.ActiveCfg = Debug|Any CPU
		{5feb6f32-8758-1c30-a062-f94e3853818e}.Debug|Any CPU.Build.0 = Debug|Any CPU
		{cbe80821-b353-8353-0578-4699867f8d28}.Debug|Any CPU.ActiveCfg = Debug|Any CPU
		{cbe80821-b353-8353-0578-4699867f8d28}.Debug|Any CPU.Build.0 = Debug|Any CPU
		{eaa91bc2-5fc3-f42f-a629-f5d3f65d1f51}.Debug|Any CPU.ActiveCfg = Debug|Any CPU
		{eaa91bc2-5fc3-f42f-a629-f5d3f65d1f51}.Debug|Any CPU.Build.0 = Debug|Any CPU
		{636828be-e0b8-203d-a6af-ec99ccc0c1af}.Debug|Any CPU.ActiveCfg = Debug|Any CPU
		{636828be-e0b8-203d-a6af-ec99ccc0c1af}.Debug|Any CPU.Build.0 = Debug|Any CPU
		{00c6c0b8-21ce-af61-df5b-26031d26d293}.Debug|Any CPU.ActiveCfg = Debug|Any CPU
		{00c6c0b8-21ce-af61-df5b-26031d26d293}.Debug|Any CPU.Build.0 = Debug|Any CPU
		{eaa62bcc-e7b9-6300-0640-935a82ca7be6}.Debug|Any CPU.ActiveCfg = Debug|Any CPU
		{eaa62bcc-e7b9-6300-0640-935a82ca7be6}.Debug|Any CPU.Build.0 = Debug|Any CPU
		{28d65459-890a-3309-d40e-51d202a2cf26}.Debug|Any CPU.ActiveCfg = Debug|Any CPU
		{28d65459-890a-3309-d40e-51d202a2cf26}.Debug|Any CPU.Build.0 = Debug|Any CPU
		{c949b22b-0f08-a6ed-13fb-9ee34bd7a6fe}.Debug|Any CPU.ActiveCfg = Debug|Any CPU
		{c949b22b-0f08-a6ed-13fb-9ee34bd7a6fe}.Debug|Any CPU.Build.0 = Debug|Any CPU
	EndGlobalSection
	GlobalSection(SolutionProperties) = preSolution
		HideSolutionNode = FALSE
	EndGlobalSection
EndGlobal
